
Microsoft Visual Studio Solution File, Format Version 12.00
# Visual Studio Version 17
VisualStudioVersion = 17.0.31903.59
MinimumVisualStudioVersion = 10.0.40219.1
Project("{FAE04EC0-301F-11D3-BF4B-00C04F79EFBC}") = "org.whitefossa.yiffhl.Android", "org.whitefossa.yiffhl\org.whitefossa.yiffhl.Android\org.whitefossa.yiffhl.Android.csproj", "{772BD8D7-841C-4922-B722-40A64084A4F1}"
EndProject
Project("{9A19103F-16F7-4668-BE54-9A1E7A4F7556}") = "org.whitefossa.yiffhl", "org.whitefossa.yiffhl\org.whitefossa.yiffhl\org.whitefossa.yiffhl.csproj", "{FDF1C6E9-5BB5-4BD5-B7EC-ED841F1C71B0}"
EndProject
Global
	GlobalSection(SolutionConfigurationPlatforms) = preSolution
		Debug|Any CPU = Debug|Any CPU
		Release|Any CPU = Release|Any CPU
	EndGlobalSection
	GlobalSection(ProjectConfigurationPlatforms) = postSolution
		{772BD8D7-841C-4922-B722-40A64084A4F1}.Debug|Any CPU.ActiveCfg = Debug|Any CPU
		{772BD8D7-841C-4922-B722-40A64084A4F1}.Debug|Any CPU.Build.0 = Debug|Any CPU
		{772BD8D7-841C-4922-B722-40A64084A4F1}.Debug|Any CPU.Deploy.0 = Debug|Any CPU
		{772BD8D7-841C-4922-B722-40A64084A4F1}.Release|Any CPU.ActiveCfg = Release|Any CPU
		{772BD8D7-841C-4922-B722-40A64084A4F1}.Release|Any CPU.Build.0 = Release|Any CPU
		{772BD8D7-841C-4922-B722-40A64084A4F1}.Release|Any CPU.Deploy.0 = Release|Any CPU
		{FDF1C6E9-5BB5-4BD5-B7EC-ED841F1C71B0}.Debug|Any CPU.ActiveCfg = Debug|Any CPU
		{FDF1C6E9-5BB5-4BD5-B7EC-ED841F1C71B0}.Debug|Any CPU.Build.0 = Debug|Any CPU
		{FDF1C6E9-5BB5-4BD5-B7EC-ED841F1C71B0}.Release|Any CPU.ActiveCfg = Release|Any CPU
		{FDF1C6E9-5BB5-4BD5-B7EC-ED841F1C71B0}.Release|Any CPU.Build.0 = Release|Any CPU
	EndGlobalSection
	GlobalSection(SolutionProperties) = preSolution
		HideSolutionNode = FALSE
	EndGlobalSection
	GlobalSection(ExtensibilityGlobals) = postSolution
		SolutionGuid = {E23343B4-82FD-4215-B19D-1276718A82A6}
	EndGlobalSection
EndGlobal
